
Microsoft Visual Studio Solution File, Format Version 12.00
# Visual Studio Version 17
VisualStudioVersion = 17.9.34723.18
MinimumVisualStudioVersion = 10.0.40219.1
Project("{FAE04EC0-301F-11D3-BF4B-00C04F79EFBC}") = "Homework2", "Homework2.csproj", "{FE1ABC1B-3789-47FC-9214-15724566A634}"
EndProject
Project("{FAE04EC0-301F-11D3-BF4B-00C04F79EFBC}") = "Homework3", "..\Homework3\Homework3.csproj", "{B291DFF4-1693-4300-AFB9-631C67341B10}"
EndProject
Project("{FAE04EC0-301F-11D3-BF4B-00C04F79EFBC}") = "Homework4", "..\Homework4\Homework4.csproj", "{381A9B40-83DC-4E78-8BE5-7A47A2E57202}"
EndProject
Project("{FAE04EC0-301F-11D3-BF4B-00C04F79EFBC}") = "Homework5", "..\Homework5\Homework5.csproj", "{CFE55343-CDED-43A4-BBA7-56080CE80C00}"
EndProject
Project("{FAE04EC0-301F-11D3-BF4B-00C04F79EFBC}") = "Homework6", "..\Homework6\Homework6.csproj", "{7B560C55-A34F-43AA-9100-E5195BB3EF5D}"
EndProject
Project("{FAE04EC0-301F-11D3-BF4B-00C04F79EFBC}") = "Homework7", "..\Homework7\Homework7.csproj", "{882B8BA4-A1EF-413B-867E-DD0ACC0FE8F5}"
EndProject
Project("{FAE04EC0-301F-11D3-BF4B-00C04F79EFBC}") = "Homework8", "..\Homework8\Homework8.csproj", "{D69A0F35-D5DD-4937-97B9-155686A18F65}"
EndProject
Project("{FAE04EC0-301F-11D3-BF4B-00C04F79EFBC}") = "Homework9", "..\Homework9\Homework9.csproj", "{2ED4BB32-C1EE-4A47-983D-459DF7B26116}"
EndProject
Project("{FAE04EC0-301F-11D3-BF4B-00C04F79EFBC}") = "Homework10", "..\Homework10\Homework10.csproj", "{6927EB67-DBF0-4A80-A28C-9BEF4A1B679F}"
EndProject
Project("{FAE04EC0-301F-11D3-BF4B-00C04F79EFBC}") = "Homework11", "..\Homework11\Homework11.csproj", "{AC9CB36F-1D65-4673-8CC1-2B8CC7DA5A05}"
EndProject
Project("{FAE04EC0-301F-11D3-BF4B-00C04F79EFBC}") = "Homework12", "..\Homework12\Homework12.csproj", "{ABF4B968-EBBB-4874-A24D-A005AB36D800}"
EndProject
Global
	GlobalSection(SolutionConfigurationPlatforms) = preSolution
		Debug|Any CPU = Debug|Any CPU
		Release|Any CPU = Release|Any CPU
	EndGlobalSection
	GlobalSection(ProjectConfigurationPlatforms) = postSolution
		{FE1ABC1B-3789-47FC-9214-15724566A634}.Debug|Any CPU.ActiveCfg = Debug|Any CPU
		{FE1ABC1B-3789-47FC-9214-15724566A634}.Debug|Any CPU.Build.0 = Debug|Any CPU
		{FE1ABC1B-3789-47FC-9214-15724566A634}.Release|Any CPU.ActiveCfg = Release|Any CPU
		{FE1ABC1B-3789-47FC-9214-15724566A634}.Release|Any CPU.Build.0 = Release|Any CPU
		{B291DFF4-1693-4300-AFB9-631C67341B10}.Debug|Any CPU.ActiveCfg = Debug|Any CPU
		{B291DFF4-1693-4300-AFB9-631C67341B10}.Debug|Any CPU.Build.0 = Debug|Any CPU
		{B291DFF4-1693-4300-AFB9-631C67341B10}.Release|Any CPU.ActiveCfg = Release|Any CPU
		{B291DFF4-1693-4300-AFB9-631C67341B10}.Release|Any CPU.Build.0 = Release|Any CPU
		{381A9B40-83DC-4E78-8BE5-7A47A2E57202}.Debug|Any CPU.ActiveCfg = Debug|Any CPU
		{381A9B40-83DC-4E78-8BE5-7A47A2E57202}.Debug|Any CPU.Build.0 = Debug|Any CPU
		{381A9B40-83DC-4E78-8BE5-7A47A2E57202}.Release|Any CPU.ActiveCfg = Release|Any CPU
		{381A9B40-83DC-4E78-8BE5-7A47A2E57202}.Release|Any CPU.Build.0 = Release|Any CPU
		{CFE55343-CDED-43A4-BBA7-56080CE80C00}.Debug|Any CPU.ActiveCfg = Debug|Any CPU
		{CFE55343-CDED-43A4-BBA7-56080CE80C00}.Debug|Any CPU.Build.0 = Debug|Any CPU
		{CFE55343-CDED-43A4-BBA7-56080CE80C00}.Release|Any CPU.ActiveCfg = Release|Any CPU
		{CFE55343-CDED-43A4-BBA7-56080CE80C00}.Release|Any CPU.Build.0 = Release|Any CPU
		{7B560C55-A34F-43AA-9100-E5195BB3EF5D}.Debug|Any CPU.ActiveCfg = Debug|Any CPU
		{7B560C55-A34F-43AA-9100-E5195BB3EF5D}.Debug|Any CPU.Build.0 = Debug|Any CPU
		{7B560C55-A34F-43AA-9100-E5195BB3EF5D}.Release|Any CPU.ActiveCfg = Release|Any CPU
		{7B560C55-A34F-43AA-9100-E5195BB3EF5D}.Release|Any CPU.Build.0 = Release|Any CPU
		{882B8BA4-A1EF-413B-867E-DD0ACC0FE8F5}.Debug|Any CPU.ActiveCfg = Debug|Any CPU
		{882B8BA4-A1EF-413B-867E-DD0ACC0FE8F5}.Debug|Any CPU.Build.0 = Debug|Any CPU
		{882B8BA4-A1EF-413B-867E-DD0ACC0FE8F5}.Release|Any CPU.ActiveCfg = Release|Any CPU
		{882B8BA4-A1EF-413B-867E-DD0ACC0FE8F5}.Release|Any CPU.Build.0 = Release|Any CPU
		{D69A0F35-D5DD-4937-97B9-155686A18F65}.Debug|Any CPU.ActiveCfg = Debug|Any CPU
		{D69A0F35-D5DD-4937-97B9-155686A18F65}.Debug|Any CPU.Build.0 = Debug|Any CPU
		{D69A0F35-D5DD-4937-97B9-155686A18F65}.Release|Any CPU.ActiveCfg = Release|Any CPU
		{D69A0F35-D5DD-4937-97B9-155686A18F65}.Release|Any CPU.Build.0 = Release|Any CPU
		{2ED4BB32-C1EE-4A47-983D-459DF7B26116}.Debug|Any CPU.ActiveCfg = Debug|Any CPU
		{2ED4BB32-C1EE-4A47-983D-459DF7B26116}.Debug|Any CPU.Build.0 = Debug|Any CPU
		{2ED4BB32-C1EE-4A47-983D-459DF7B26116}.Release|Any CPU.ActiveCfg = Release|Any CPU
		{2ED4BB32-C1EE-4A47-983D-459DF7B26116}.Release|Any CPU.Build.0 = Release|Any CPU
		{6927EB67-DBF0-4A80-A28C-9BEF4A1B679F}.Debug|Any CPU.ActiveCfg = Debug|Any CPU
		{6927EB67-DBF0-4A80-A28C-9BEF4A1B679F}.Debug|Any CPU.Build.0 = Debug|Any CPU
		{6927EB67-DBF0-4A80-A28C-9BEF4A1B679F}.Release|Any CPU.ActiveCfg = Release|Any CPU
		{6927EB67-DBF0-4A80-A28C-9BEF4A1B679F}.Release|Any CPU.Build.0 = Release|Any CPU
		{AC9CB36F-1D65-4673-8CC1-2B8CC7DA5A05}.Debug|Any CPU.ActiveCfg = Debug|Any CPU
		{AC9CB36F-1D65-4673-8CC1-2B8CC7DA5A05}.Debug|Any CPU.Build.0 = Debug|Any CPU
		{AC9CB36F-1D65-4673-8CC1-2B8CC7DA5A05}.Release|Any CPU.ActiveCfg = Release|Any CPU
		{AC9CB36F-1D65-4673-8CC1-2B8CC7DA5A05}.Release|Any CPU.Build.0 = Release|Any CPU
		{ABF4B968-EBBB-4874-A24D-A005AB36D800}.Debug|Any CPU.ActiveCfg = Debug|Any CPU
		{ABF4B968-EBBB-4874-A24D-A005AB36D800}.Debug|Any CPU.Build.0 = Debug|Any CPU
		{ABF4B968-EBBB-4874-A24D-A005AB36D800}.Release|Any CPU.ActiveCfg = Release|Any CPU
		{ABF4B968-EBBB-4874-A24D-A005AB36D800}.Release|Any CPU.Build.0 = Release|Any CPU
	EndGlobalSection
	GlobalSection(SolutionProperties) = preSolution
		HideSolutionNode = FALSE
	EndGlobalSection
	GlobalSection(ExtensibilityGlobals) = postSolution
		SolutionGuid = {64D4343C-B594-459C-B695-95AC6B1B7FDE}
	EndGlobalSection
EndGlobal
