
Microsoft Visual Studio Solution File, Format Version 12.00
# Visual Studio Version 17
VisualStudioVersion = 17.9.34723.18
MinimumVisualStudioVersion = 10.0.40219.1
Project("{FAE04EC0-301F-11D3-BF4B-00C04F79EFBC}") = "ConsoleApp1", "ConsoleApp1.csproj", "{9A3B4581-348E-432D-ABDA-DA7AC946AAFA}"
EndProject
Global
	GlobalSection(SolutionConfigurationPlatforms) = preSolution
		Debug|Any CPU = Debug|Any CPU
		Release|Any CPU = Release|Any CPU
	EndGlobalSection
	GlobalSection(ProjectConfigurationPlatforms) = postSolution
		{9A3B4581-348E-432D-ABDA-DA7AC946AAFA}.Debug|Any CPU.ActiveCfg = Debug|Any CPU
		{9A3B4581-348E-432D-ABDA-DA7AC946AAFA}.Debug|Any CPU.Build.0 = Debug|Any CPU
		{9A3B4581-348E-432D-ABDA-DA7AC946AAFA}.Release|Any CPU.ActiveCfg = Release|Any CPU
		{9A3B4581-348E-432D-ABDA-DA7AC946AAFA}.Release|Any CPU.Build.0 = Release|Any CPU
	EndGlobalSection
	GlobalSection(SolutionProperties) = preSolution
		HideSolutionNode = FALSE
	EndGlobalSection
	GlobalSection(ExtensibilityGlobals) = postSolution
		SolutionGuid = {0E27FF01-AE8E-4810-AB10-B3FEF9CD0B26}
	EndGlobalSection
EndGlobal
